
Microsoft Visual Studio Solution File, Format Version 12.00
# Visual Studio Version 17
VisualStudioVersion = 17.0.31903.59
MinimumVisualStudioVersion = 10.0.40219.1
Project("{FAE04EC0-301F-11D3-BF4B-00C04F79EFBC}") = "P04WeatherForecastAPI.Client", "P04WeatherForecastAPI.Client\P04WeatherForecastAPI.Client.csproj", "{B06BCE76-471D-4D00-B882-351F4ACF32B7}"
EndProject
Project("{FAE04EC0-301F-11D3-BF4B-00C04F79EFBC}") = "P05Shop.API", "P05Shop.API\P05Shop.API.csproj", "{4574ED8C-66F6-4EC7-AA6D-C30B9889C1EB}"
EndProject
Project("{FAE04EC0-301F-11D3-BF4B-00C04F79EFBC}") = "P06Shop.Shared", "P06Shop.Shared\P06Shop.Shared.csproj", "{7C04DC43-087A-487A-ADF6-ECC2E3E7A66C}"
EndProject
Project("{FAE04EC0-301F-11D3-BF4B-00C04F79EFBC}") = "P07Shop.DataSeeder", "P07Shop.DataSeeder\P07Shop.DataSeeder.csproj", "{9276150D-0B94-48D7-AD94-716055BAADC5}"
EndProject
Global
	GlobalSection(SolutionConfigurationPlatforms) = preSolution
		Debug|Any CPU = Debug|Any CPU
		Release|Any CPU = Release|Any CPU
	EndGlobalSection
	GlobalSection(SolutionProperties) = preSolution
		HideSolutionNode = FALSE
	EndGlobalSection
	GlobalSection(ProjectConfigurationPlatforms) = postSolution
		{B06BCE76-471D-4D00-B882-351F4ACF32B7}.Debug|Any CPU.ActiveCfg = Debug|Any CPU
		{B06BCE76-471D-4D00-B882-351F4ACF32B7}.Debug|Any CPU.Build.0 = Debug|Any CPU
		{B06BCE76-471D-4D00-B882-351F4ACF32B7}.Release|Any CPU.ActiveCfg = Release|Any CPU
		{B06BCE76-471D-4D00-B882-351F4ACF32B7}.Release|Any CPU.Build.0 = Release|Any CPU
		{4574ED8C-66F6-4EC7-AA6D-C30B9889C1EB}.Debug|Any CPU.ActiveCfg = Debug|Any CPU
		{4574ED8C-66F6-4EC7-AA6D-C30B9889C1EB}.Debug|Any CPU.Build.0 = Debug|Any CPU
		{4574ED8C-66F6-4EC7-AA6D-C30B9889C1EB}.Release|Any CPU.ActiveCfg = Release|Any CPU
		{4574ED8C-66F6-4EC7-AA6D-C30B9889C1EB}.Release|Any CPU.Build.0 = Release|Any CPU
		{7C04DC43-087A-487A-ADF6-ECC2E3E7A66C}.Debug|Any CPU.ActiveCfg = Debug|Any CPU
		{7C04DC43-087A-487A-ADF6-ECC2E3E7A66C}.Debug|Any CPU.Build.0 = Debug|Any CPU
		{7C04DC43-087A-487A-ADF6-ECC2E3E7A66C}.Release|Any CPU.ActiveCfg = Release|Any CPU
		{7C04DC43-087A-487A-ADF6-ECC2E3E7A66C}.Release|Any CPU.Build.0 = Release|Any CPU
		{9276150D-0B94-48D7-AD94-716055BAADC5}.Debug|Any CPU.ActiveCfg = Debug|Any CPU
		{9276150D-0B94-48D7-AD94-716055BAADC5}.Debug|Any CPU.Build.0 = Debug|Any CPU
		{9276150D-0B94-48D7-AD94-716055BAADC5}.Release|Any CPU.ActiveCfg = Release|Any CPU
		{9276150D-0B94-48D7-AD94-716055BAADC5}.Release|Any CPU.Build.0 = Release|Any CPU
	EndGlobalSection
EndGlobal
